
Microsoft Visual Studio Solution File, Format Version 12.00
# Visual Studio Version 17
VisualStudioVersion = 17.0.32014.148
MinimumVisualStudioVersion = 10.0.40219.1
Project("{FAE04EC0-301F-11D3-BF4B-00C04F79EFBC}") = "Cadena en pares", "Cadena en pares\Cadena en pares.csproj", "{2EC16192-F5AB-4216-B74A-1F9B58C60F6E}"
EndProject
Global
	GlobalSection(SolutionConfigurationPlatforms) = preSolution
		Debug|Any CPU = Debug|Any CPU
		Release|Any CPU = Release|Any CPU
	EndGlobalSection
	GlobalSection(ProjectConfigurationPlatforms) = postSolution
		{2EC16192-F5AB-4216-B74A-1F9B58C60F6E}.Debug|Any CPU.ActiveCfg = Debug|Any CPU
		{2EC16192-F5AB-4216-B74A-1F9B58C60F6E}.Debug|Any CPU.Build.0 = Debug|Any CPU
		{2EC16192-F5AB-4216-B74A-1F9B58C60F6E}.Release|Any CPU.ActiveCfg = Release|Any CPU
		{2EC16192-F5AB-4216-B74A-1F9B58C60F6E}.Release|Any CPU.Build.0 = Release|Any CPU
	EndGlobalSection
	GlobalSection(SolutionProperties) = preSolution
		HideSolutionNode = FALSE
	EndGlobalSection
	GlobalSection(ExtensibilityGlobals) = postSolution
		SolutionGuid = {B61DFA8B-587A-49AC-AB0B-0AAA10D2B5E4}
	EndGlobalSection
EndGlobal
